
Microsoft Visual Studio Solution File, Format Version 12.00
# Visual Studio Version 17
VisualStudioVersion = 17.5.001.0
MinimumVisualStudioVersion = 10.0.40219.1
Project("{9A19103F-16F7-4668-BE54-9A1E7A4F7556}") = "HomeWork34", "HomeWork34.csproj", "{AF4EBBCA-77F9-48E3-9386-BFFDF4E97315}"
EndProject
Global
	GlobalSection(SolutionConfigurationPlatforms) = preSolution
		Debug|Any CPU = Debug|Any CPU
		Release|Any CPU = Release|Any CPU
	EndGlobalSection
	GlobalSection(ProjectConfigurationPlatforms) = postSolution
		{AF4EBBCA-77F9-48E3-9386-BFFDF4E97315}.Debug|Any CPU.ActiveCfg = Debug|Any CPU
		{AF4EBBCA-77F9-48E3-9386-BFFDF4E97315}.Debug|Any CPU.Build.0 = Debug|Any CPU
		{AF4EBBCA-77F9-48E3-9386-BFFDF4E97315}.Release|Any CPU.ActiveCfg = Release|Any CPU
		{AF4EBBCA-77F9-48E3-9386-BFFDF4E97315}.Release|Any CPU.Build.0 = Release|Any CPU
	EndGlobalSection
	GlobalSection(SolutionProperties) = preSolution
		HideSolutionNode = FALSE
	EndGlobalSection
	GlobalSection(ExtensibilityGlobals) = postSolution
		SolutionGuid = {12EF38BD-C30D-4E1C-93C5-A86BABF6C1EA}
	EndGlobalSection
EndGlobal
